
Microsoft Visual Studio Solution File, Format Version 12.00
# Visual Studio Version 16
VisualStudioVersion = 16.0.29920.165
MinimumVisualStudioVersion = 10.0.40219.1
Project("{FAE04EC0-301F-11D3-BF4B-00C04F79EFBC}") = "PlugginCreation", "PlugginCreation.csproj", "{2F0A3994-B319-4E76-B7F7-3207B744B6DC}"
EndProject
Global
	GlobalSection(SolutionConfigurationPlatforms) = preSolution
		Debug|Any CPU = Debug|Any CPU
		Release|Any CPU = Release|Any CPU
	EndGlobalSection
	GlobalSection(ProjectConfigurationPlatforms) = postSolution
		{2F0A3994-B319-4E76-B7F7-3207B744B6DC}.Debug|Any CPU.ActiveCfg = Debug|Any CPU
		{2F0A3994-B319-4E76-B7F7-3207B744B6DC}.Debug|Any CPU.Build.0 = Debug|Any CPU
		{2F0A3994-B319-4E76-B7F7-3207B744B6DC}.Release|Any CPU.ActiveCfg = Release|Any CPU
		{2F0A3994-B319-4E76-B7F7-3207B744B6DC}.Release|Any CPU.Build.0 = Release|Any CPU
	EndGlobalSection
	GlobalSection(SolutionProperties) = preSolution
		HideSolutionNode = FALSE
	EndGlobalSection
	GlobalSection(ExtensibilityGlobals) = postSolution
		SolutionGuid = {46409120-2631-429A-9FA5-55776D355643}
	EndGlobalSection
EndGlobal
